
Microsoft Visual Studio Solution File, Format Version 11.00
# Visual Studio 2010
Project("{FAE04EC0-301F-11D3-BF4B-00C04F79EFBC}") = "Workshops10", "Assembly-CSharp.csproj", "{89086AB0-9847-76AA-BA84-480B7F4042C8}"
EndProject
Project("{FAE04EC0-301F-11D3-BF4B-00C04F79EFBC}") = "Workshops10", "Assembly-CSharp-Editor.csproj", "{357EF7A4-568A-193C-0108-E91C3A64E07B}"
EndProject
Global
	GlobalSection(SolutionConfigurationPlatforms) = preSolution
		Debug|Any CPU = Debug|Any CPU
		Release|Any CPU = Release|Any CPU
	EndGlobalSection
	GlobalSection(ProjectConfigurationPlatforms) = postSolution
		{89086AB0-9847-76AA-BA84-480B7F4042C8}.Debug|Any CPU.ActiveCfg = Debug|Any CPU
		{89086AB0-9847-76AA-BA84-480B7F4042C8}.Debug|Any CPU.Build.0 = Debug|Any CPU
		{89086AB0-9847-76AA-BA84-480B7F4042C8}.Release|Any CPU.ActiveCfg = Release|Any CPU
		{89086AB0-9847-76AA-BA84-480B7F4042C8}.Release|Any CPU.Build.0 = Release|Any CPU
		{357EF7A4-568A-193C-0108-E91C3A64E07B}.Debug|Any CPU.ActiveCfg = Debug|Any CPU
		{357EF7A4-568A-193C-0108-E91C3A64E07B}.Debug|Any CPU.Build.0 = Debug|Any CPU
		{357EF7A4-568A-193C-0108-E91C3A64E07B}.Release|Any CPU.ActiveCfg = Release|Any CPU
		{357EF7A4-568A-193C-0108-E91C3A64E07B}.Release|Any CPU.Build.0 = Release|Any CPU
	EndGlobalSection
	GlobalSection(SolutionProperties) = preSolution
		HideSolutionNode = FALSE
	EndGlobalSection
	GlobalSection(MonoDevelopProperties) = preSolution
		StartupItem = Assembly-CSharp.csproj
	EndGlobalSection
EndGlobal
